// !$*UTF8*$!
{
	archiveVersion = 1;
	classes = {
	};
	objectVersion = 50;
	objects = {

/* Begin PBXBuildFile section */
		47450165214AD0AC003B35CF /* Pokemon.swift in Sources */ = {isa = PBXBuildFile; fileRef = 47450164214AD0AC003B35CF /* Pokemon.swift */; };
		47450167214AD9D9003B35CF /* PokemonController.swift in Sources */ = {isa = PBXBuildFile; fileRef = 47450166214AD9D9003B35CF /* PokemonController.swift */; };
		47450169214AFDDC003B35CF /* PokemonViewController.swift in Sources */ = {isa = PBXBuildFile; fileRef = 47450168214AFDDC003B35CF /* PokemonViewController.swift */; };
		47D2C0BF214AC76A00EFB9B2 /* AppDelegate.swift in Sources */ = {isa = PBXBuildFile; fileRef = 47D2C0BE214AC76A00EFB9B2 /* AppDelegate.swift */; };
		47D2C0C4214AC76A00EFB9B2 /* Main.storyboard in Resources */ = {isa = PBXBuildFile; fileRef = 47D2C0C2214AC76A00EFB9B2 /* Main.storyboard */; };
		47D2C0C6214AC76C00EFB9B2 /* Assets.xcassets in Resources */ = {isa = PBXBuildFile; fileRef = 47D2C0C5214AC76C00EFB9B2 /* Assets.xcassets */; };
		47D2C0C9214AC76C00EFB9B2 /* LaunchScreen.storyboard in Resources */ = {isa = PBXBuildFile; fileRef = 47D2C0C7214AC76C00EFB9B2 /* LaunchScreen.storyboard */; };
/* End PBXBuildFile section */

/* Begin PBXFileReference section */
		47450164214AD0AC003B35CF /* Pokemon.swift */ = {isa = PBXFileReference; lastKnownFileType = sourcecode.swift; path = Pokemon.swift; sourceTree = "<group>"; };
		47450166214AD9D9003B35CF /* PokemonController.swift */ = {isa = PBXFileReference; lastKnownFileType = sourcecode.swift; path = PokemonController.swift; sourceTree = "<group>"; };
		47450168214AFDDC003B35CF /* PokemonViewController.swift */ = {isa = PBXFileReference; lastKnownFileType = sourcecode.swift; path = PokemonViewController.swift; sourceTree = "<group>"; };
		47D2C0BB214AC76A00EFB9B2 /* PokemonSearchiOS21.app */ = {isa = PBXFileReference; explicitFileType = wrapper.application; includeInIndex = 0; path = PokemonSearchiOS21.app; sourceTree = BUILT_PRODUCTS_DIR; };
		47D2C0BE214AC76A00EFB9B2 /* AppDelegate.swift */ = {isa = PBXFileReference; lastKnownFileType = sourcecode.swift; path = AppDelegate.swift; sourceTree = "<group>"; };
		47D2C0C3214AC76A00EFB9B2 /* Base */ = {isa = PBXFileReference; lastKnownFileType = file.storyboard; name = Base; path = Base.lproj/Main.storyboard; sourceTree = "<group>"; };
		47D2C0C5214AC76C00EFB9B2 /* Assets.xcassets */ = {isa = PBXFileReference; lastKnownFileType = folder.assetcatalog; path = Assets.xcassets; sourceTree = "<group>"; };
		47D2C0C8214AC76C00EFB9B2 /* Base */ = {isa = PBXFileReference; lastKnownFileType = file.storyboard; name = Base; path = Base.lproj/LaunchScreen.storyboard; sourceTree = "<group>"; };
		47D2C0CA214AC76C00EFB9B2 /* Info.plist */ = {isa = PBXFileReference; lastKnownFileType = text.plist.xml; path = Info.plist; sourceTree = "<group>"; };
/* End PBXFileReference section */

/* Begin PBXFrameworksBuildPhase section */
		47D2C0B8214AC76A00EFB9B2 /* Frameworks */ = {
			isa = PBXFrameworksBuildPhase;
			buildActionMask = 2147483647;
			files = (
			);
			runOnlyForDeploymentPostprocessing = 0;
		};
/* End PBXFrameworksBuildPhase section */

/* Begin PBXGroup section */
		4745015E214ACB19003B35CF /* View */ = {
			isa = PBXGroup;
			children = (
			);
			path = View;
			sourceTree = "<group>";
		};
		4745015F214ACB2D003B35CF /* Controllers */ = {
			isa = PBXGroup;
			children = (
				47450168214AFDDC003B35CF /* PokemonViewController.swift */,
				47450160214ACB4E003B35CF /* MdelController */,
			);
			path = Controllers;
			sourceTree = "<group>";
		};
		47450160214ACB4E003B35CF /* MdelController */ = {
			isa = PBXGroup;
			children = (
				47450166214AD9D9003B35CF /* PokemonController.swift */,
			);
			path = MdelController;
			sourceTree = "<group>";
		};
		47450161214ACB70003B35CF /* UI */ = {
			isa = PBXGroup;
			children = (
				47D2C0C2214AC76A00EFB9B2 /* Main.storyboard */,
			);
			path = UI;
			sourceTree = "<group>";
		};
		47450162214ACB8E003B35CF /* SupportingFiles */ = {
			isa = PBXGroup;
			children = (
				47D2C0BE214AC76A00EFB9B2 /* AppDelegate.swift */,
				47D2C0C5214AC76C00EFB9B2 /* Assets.xcassets */,
				47D2C0C7214AC76C00EFB9B2 /* LaunchScreen.storyboard */,
				47D2C0CA214AC76C00EFB9B2 /* Info.plist */,
			);
			path = SupportingFiles;
			sourceTree = "<group>";
		};
		47450163214AD08A003B35CF /* Model */ = {
			isa = PBXGroup;
			children = (
				47450164214AD0AC003B35CF /* Pokemon.swift */,
			);
			name = Model;
			path = "New Group";
			sourceTree = "<group>";
		};
		47D2C0B2214AC76A00EFB9B2 = {
			isa = PBXGroup;
			children = (
				47450161214ACB70003B35CF /* UI */,
				47D2C0BD214AC76A00EFB9B2 /* PokemonSearchiOS21 */,
				47D2C0BC214AC76A00EFB9B2 /* Products */,
			);
			sourceTree = "<group>";
		};
		47D2C0BC214AC76A00EFB9B2 /* Products */ = {
			isa = PBXGroup;
			children = (
				47D2C0BB214AC76A00EFB9B2 /* PokemonSearchiOS21.app */,
			);
			name = Products;
			sourceTree = "<group>";
		};
		47D2C0BD214AC76A00EFB9B2 /* PokemonSearchiOS21 */ = {
			isa = PBXGroup;
			children = (
				47450163214AD08A003B35CF /* Model */,
				4745015F214ACB2D003B35CF /* Controllers */,
				4745015E214ACB19003B35CF /* View */,
				47450162214ACB8E003B35CF /* SupportingFiles */,
			);
			path = PokemonSearchiOS21;
			sourceTree = "<group>";
		};
/* End PBXGroup section */

/* Begin PBXNativeTarget section */
		47D2C0BA214AC76A00EFB9B2 /* PokemonSearchiOS21 */ = {
			isa = PBXNativeTarget;
			buildConfigurationList = 47D2C0CD214AC76C00EFB9B2 /* Build configuration list for PBXNativeTarget "PokemonSearchiOS21" */;
			buildPhases = (
				47D2C0B7214AC76A00EFB9B2 /* Sources */,
				47D2C0B8214AC76A00EFB9B2 /* Frameworks */,
				47D2C0B9214AC76A00EFB9B2 /* Resources */,
			);
			buildRules = (
			);
			dependencies = (
			);
			name = PokemonSearchiOS21;
			productName = PokemonSearchiOS21;
			productReference = 47D2C0BB214AC76A00EFB9B2 /* PokemonSearchiOS21.app */;
			productType = "com.apple.product-type.application";
		};
/* End PBXNativeTarget section */

/* Begin PBXProject section */
		47D2C0B3214AC76A00EFB9B2 /* Project object */ = {
			isa = PBXProject;
			attributes = {
				LastSwiftUpdateCheck = 0940;
				LastUpgradeCheck = 0940;
				ORGANIZATIONNAME = ramcomw;
				TargetAttributes = {
					47D2C0BA214AC76A00EFB9B2 = {
						CreatedOnToolsVersion = 9.4.1;
					};
				};
			};
			buildConfigurationList = 47D2C0B6214AC76A00EFB9B2 /* Build configuration list for PBXProject "PokemonSearchiOS21" */;
			compatibilityVersion = "Xcode 9.3";
			developmentRegion = en;
			hasScannedForEncodings = 0;
			knownRegions = (
				en,
				Base,
			);
			mainGroup = 47D2C0B2214AC76A00EFB9B2;
			productRefGroup = 47D2C0BC214AC76A00EFB9B2 /* Products */;
			projectDirPath = "";
			projectRoot = "";
			targets = (
				47D2C0BA214AC76A00EFB9B2 /* PokemonSearchiOS21 */,
			);
		};
/* End PBXProject section */

/* Begin PBXResourcesBuildPhase section */
		47D2C0B9214AC76A00EFB9B2 /* Resources */ = {
			isa = PBXResourcesBuildPhase;
			buildActionMask = 2147483647;
			files = (
				47D2C0C9214AC76C00EFB9B2 /* LaunchScreen.storyboard in Resources */,
				47D2C0C6214AC76C00EFB9B2 /* Assets.xcassets in Resources */,
				47D2C0C4214AC76A00EFB9B2 /* Main.storyboard in Resources */,
			);
			runOnlyForDeploymentPostprocessing = 0;
		};
/* End PBXResourcesBuildPhase section */

/* Begin PBXSourcesBuildPhase section */
		47D2C0B7214AC76A00EFB9B2 /* Sources */ = {
			isa = PBXSourcesBuildPhase;
			buildActionMask = 2147483647;
			files = (
				47D2C0BF214AC76A00EFB9B2 /* AppDelegate.swift in Sources */,
				47450165214AD0AC003B35CF /* Pokemon.swift in Sources */,
				47450169214AFDDC003B35CF /* PokemonViewController.swift in Sources */,
				47450167214AD9D9003B35CF /* PokemonController.swift in Sources */,
			);
			runOnlyForDeploymentPostprocessing = 0;
		};
/* End PBXSourcesBuildPhase section */

/* Begin PBXVariantGroup section */
		47D2C0C2214AC76A00EFB9B2 /* Main.storyboard */ = {
			isa = PBXVariantGroup;
			children = (
				47D2C0C3214AC76A00EFB9B2 /* Base */,
			);
			name = Main.storyboard;
			sourceTree = "<group>";
		};
		47D2C0C7214AC76C00EFB9B2 /* LaunchScreen.storyboard */ = {
			isa = PBXVariantGroup;
			children = (
				47D2C0C8214AC76C00EFB9B2 /* Base */,
			);
			name = LaunchScreen.storyboard;
			sourceTree = "<group>";
		};
/* End PBXVariantGroup section */

/* Begin XCBuildConfiguration section */
		47D2C0CB214AC76C00EFB9B2 /* Debug */ = {
			isa = XCBuildConfiguration;
			buildSettings = {
				ALWAYS_SEARCH_USER_PATHS = NO;
				CLANG_ANALYZER_NONNULL = YES;
				CLANG_ANALYZER_NUMBER_OBJECT_CONVERSION = YES_AGGRESSIVE;
				CLANG_CXX_LANGUAGE_STANDARD = "gnu++14";
				CLANG_CXX_LIBRARY = "libc++";
				CLANG_ENABLE_MODULES = YES;
				CLANG_ENABLE_OBJC_ARC = YES;
				CLANG_ENABLE_OBJC_WEAK = YES;
				CLANG_WARN_BLOCK_CAPTURE_AUTORELEASING = YES;
				CLANG_WARN_BOOL_CONVERSION = YES;
				CLANG_WARN_COMMA = YES;
				CLANG_WARN_CONSTANT_CONVERSION = YES;
				CLANG_WARN_DEPRECATED_OBJC_IMPLEMENTATIONS = YES;
				CLANG_WARN_DIRECT_OBJC_ISA_USAGE = YES_ERROR;
				CLANG_WARN_DOCUMENTATION_COMMENTS = YES;
				CLANG_WARN_EMPTY_BODY = YES;
				CLANG_WARN_ENUM_CONVERSION = YES;
				CLANG_WARN_INFINITE_RECURSION = YES;
				CLANG_WARN_INT_CONVERSION = YES;
				CLANG_WARN_NON_LITERAL_NULL_CONVERSION = YES;
				CLANG_WARN_OBJC_IMPLICIT_RETAIN_SELF = YES;
				CLANG_WARN_OBJC_LITERAL_CONVERSION = YES;
				CLANG_WARN_OBJC_ROOT_CLASS = YES_ERROR;
				CLANG_WARN_RANGE_LOOP_ANALYSIS = YES;
				CLANG_WARN_STRICT_PROTOTYPES = YES;
				CLANG_WARN_SUSPICIOUS_MOVE = YES;
				CLANG_WARN_UNGUARDED_AVAILABILITY = YES_AGGRESSIVE;
				CLANG_WARN_UNREACHABLE_CODE = YES;
				CLANG_WARN__DUPLICATE_METHOD_MATCH = YES;
				CODE_SIGN_IDENTITY = "iPhone Developer";
				COPY_PHASE_STRIP = NO;
				DEBUG_INFORMATION_FORMAT = dwarf;
				ENABLE_STRICT_OBJC_MSGSEND = YES;
				ENABLE_TESTABILITY = YES;
				GCC_C_LANGUAGE_STANDARD = gnu11;
				GCC_DYNAMIC_NO_PIC = NO;
				GCC_NO_COMMON_BLOCKS = YES;
				GCC_OPTIMIZATION_LEVEL = 0;
				GCC_PREPROCESSOR_DEFINITIONS = (
					"DEBUG=1",
					"$(inherited)",
				);
				GCC_WARN_64_TO_32_BIT_CONVERSION = YES;
				GCC_WARN_ABOUT_RETURN_TYPE = YES_ERROR;
				GCC_WARN_UNDECLARED_SELECTOR = YES;
				GCC_WARN_UNINITIALIZED_AUTOS = YES_AGGRESSIVE;
				GCC_WARN_UNUSED_FUNCTION = YES;
				GCC_WARN_UNUSED_VARIABLE = YES;
				IPHONEOS_DEPLOYMENT_TARGET = 11.4;
				MTL_ENABLE_DEBUG_INFO = YES;
				ONLY_ACTIVE_ARCH = YES;
				SDKROOT = iphoneos;
				SWIFT_ACTIVE_COMPILATION_CONDITIONS = DEBUG;
				SWIFT_OPTIMIZATION_LEVEL = "-Onone";
			};
			name = Debug;
		};
		47D2C0CC214AC76C00EFB9B2 /* Release */ = {
			isa = XCBuildConfiguration;
			buildSettings = {
				ALWAYS_SEARCH_USER_PATHS = NO;
				CLANG_ANALYZER_NONNULL = YES;
				CLANG_ANALYZER_NUMBER_OBJECT_CONVERSION = YES_AGGRESSIVE;
				CLANG_CXX_LANGUAGE_STANDARD = "gnu++14";
				CLANG_CXX_LIBRARY = "libc++";
				CLANG_ENABLE_MODULES = YES;
				CLANG_ENABLE_OBJC_ARC = YES;
				CLANG_ENABLE_OBJC_WEAK = YES;
				CLANG_WARN_BLOCK_CAPTURE_AUTORELEASING = YES;
				CLANG_WARN_BOOL_CONVERSION = YES;
				CLANG_WARN_COMMA = YES;
				CLANG_WARN_CONSTANT_CONVERSION = YES;
				CLANG_WARN_DEPRECATED_OBJC_IMPLEMENTATIONS = YES;
				CLANG_WARN_DIRECT_OBJC_ISA_USAGE = YES_ERROR;
				CLANG_WARN_DOCUMENTATION_COMMENTS = YES;
				CLANG_WARN_EMPTY_BODY = YES;
				CLANG_WARN_ENUM_CONVERSION = YES;
				CLANG_WARN_INFINITE_RECURSION = YES;
				CLANG_WARN_INT_CONVERSION = YES;
				CLANG_WARN_NON_LITERAL_NULL_CONVERSION = YES;
				CLANG_WARN_OBJC_IMPLICIT_RETAIN_SELF = YES;
				CLANG_WARN_OBJC_LITERAL_CONVERSION = YES;
				CLANG_WARN_OBJC_ROOT_CLASS = YES_ERROR;
				CLANG_WARN_RANGE_LOOP_ANALYSIS = YES;
				CLANG_WARN_STRICT_PROTOTYPES = YES;
				CLANG_WARN_SUSPICIOUS_MOVE = YES;
				CLANG_WARN_UNGUARDED_AVAILABILITY = YES_AGGRESSIVE;
				CLANG_WARN_UNREACHABLE_CODE = YES;
				CLANG_WARN__DUPLICATE_METHOD_MATCH = YES;
				CODE_SIGN_IDENTITY = "iPhone Developer";
				COPY_PHASE_STRIP = NO;
				DEBUG_INFORMATION_FORMAT = "dwarf-with-dsym";
				ENABLE_NS_ASSERTIONS = NO;
				ENABLE_STRICT_OBJC_MSGSEND = YES;
				GCC_C_LANGUAGE_STANDARD = gnu11;
				GCC_NO_COMMON_BLOCKS = YES;
				GCC_WARN_64_TO_32_BIT_CONVERSION = YES;
				GCC_WARN_ABOUT_RETURN_TYPE = YES_ERROR;
				GCC_WARN_UNDECLARED_SELECTOR = YES;
				GCC_WARN_UNINITIALIZED_AUTOS = YES_AGGRESSIVE;
				GCC_WARN_UNUSED_FUNCTION = YES;
				GCC_WARN_UNUSED_VARIABLE = YES;
				IPHONEOS_DEPLOYMENT_TARGET = 11.4;
				MTL_ENABLE_DEBUG_INFO = NO;
				SDKROOT = iphoneos;
				SWIFT_COMPILATION_MODE = wholemodule;
				SWIFT_OPTIMIZATION_LEVEL = "-O";
				VALIDATE_PRODUCT = YES;
			};
			name = Release;
		};
		47D2C0CE214AC76C00EFB9B2 /* Debug */ = {
			isa = XCBuildConfiguration;
			buildSettings = {
				ASSETCATALOG_COMPILER_APPICON_NAME = AppIcon;
				CODE_SIGN_STYLE = Automatic;
				DEVELOPMENT_TEAM = L7AYJDAX2C;
				INFOPLIST_FILE = "$(SRCROOT)/PokemonSearchiOS21/SupportingFiles/Info.plist";
				LD_RUNPATH_SEARCH_PATHS = (
					"$(inherited)",
					"@executable_path/Frameworks",
				);
				PRODUCT_BUNDLE_IDENTIFIER = com.ramcomw.i2v.PokemonSearchiOS21;
				PRODUCT_NAME = "$(TARGET_NAME)";
				SWIFT_VERSION = 4.0;
				TARGETED_DEVICE_FAMILY = "1,2";
			};
			name = Debug;
		};
		47D2C0CF214AC76C00EFB9B2 /* Release */ = {
			isa = XCBuildConfiguration;
			buildSettings = {
				ASSETCATALOG_COMPILER_APPICON_NAME = AppIcon;
				CODE_SIGN_STYLE = Automatic;
				DEVELOPMENT_TEAM = L7AYJDAX2C;
				INFOPLIST_FILE = "$(SRCROOT)/PokemonSearchiOS21/SupportingFiles/Info.plist";
				LD_RUNPATH_SEARCH_PATHS = (
					"$(inherited)",
					"@executable_path/Frameworks",
				);
				PRODUCT_BUNDLE_IDENTIFIER = com.ramcomw.i2v.PokemonSearchiOS21;
				PRODUCT_NAME = "$(TARGET_NAME)";
				SWIFT_VERSION = 4.0;
				TARGETED_DEVICE_FAMILY = "1,2";
			};
			name = Release;
		};
/* End XCBuildConfiguration section */

/* Begin XCConfigurationList section */
		47D2C0B6214AC76A00EFB9B2 /* Build configuration list for PBXProject "PokemonSearchiOS21" */ = {
			isa = XCConfigurationList;
			buildConfigurations = (
				47D2C0CB214AC76C00EFB9B2 /* Debug */,
				47D2C0CC214AC76C00EFB9B2 /* Release */,
			);
			defaultConfigurationIsVisible = 0;
			defaultConfigurationName = Release;
		};
		47D2C0CD214AC76C00EFB9B2 /* Build configuration list for PBXNativeTarget "PokemonSearchiOS21" */ = {
			isa = XCConfigurationList;
			buildConfigurations = (
				47D2C0CE214AC76C00EFB9B2 /* Debug */,
				47D2C0CF214AC76C00EFB9B2 /* Release */,
			);
			defaultConfigurationIsVisible = 0;
			defaultConfigurationName = Release;
		};
/* End XCConfigurationList section */
	};
	rootObject = 47D2C0B3214AC76A00EFB9B2 /* Project object */;
}
